
Microsoft Visual Studio Solution File, Format Version 12.00
# Visual Studio Version 17
VisualStudioVersion = 17.5.002.0
MinimumVisualStudioVersion = 10.0.40219.1
Project("{9A19103F-16F7-4668-BE54-9A1E7A4F7556}") = "MockTalksAPI", "MockTalksAPI.csproj", "{AF5E173A-1CDD-4498-83EB-9B8C8FC50F14}"
EndProject
Global
	GlobalSection(SolutionConfigurationPlatforms) = preSolution
		Debug|Any CPU = Debug|Any CPU
		Release|Any CPU = Release|Any CPU
	EndGlobalSection
	GlobalSection(ProjectConfigurationPlatforms) = postSolution
		{AF5E173A-1CDD-4498-83EB-9B8C8FC50F14}.Debug|Any CPU.ActiveCfg = Debug|Any CPU
		{AF5E173A-1CDD-4498-83EB-9B8C8FC50F14}.Debug|Any CPU.Build.0 = Debug|Any CPU
		{AF5E173A-1CDD-4498-83EB-9B8C8FC50F14}.Release|Any CPU.ActiveCfg = Release|Any CPU
		{AF5E173A-1CDD-4498-83EB-9B8C8FC50F14}.Release|Any CPU.Build.0 = Release|Any CPU
	EndGlobalSection
	GlobalSection(SolutionProperties) = preSolution
		HideSolutionNode = FALSE
	EndGlobalSection
	GlobalSection(ExtensibilityGlobals) = postSolution
		SolutionGuid = {8E135EAE-A570-4DAD-966E-C7070E7AD08A}
	EndGlobalSection
EndGlobal
